// !$*UTF8*$!
{
	archiveVersion = 1;
	classes = {
	};
	objectVersion = 77;
	objects = {

/* Begin PBXContainerItemProxy section */
		D55BE8E22D76F32E00CFA040 /* PBXContainerItemProxy */ = {
			isa = PBXContainerItemProxy;
			containerPortal = D55BE8C92D76F32B00CFA040 /* Project object */;
			proxyType = 1;
			remoteGlobalIDString = D55BE8D02D76F32B00CFA040;
			remoteInfo = ImageRow;
		};
		D55BE8EC2D76F32E00CFA040 /* PBXContainerItemProxy */ = {
			isa = PBXContainerItemProxy;
			containerPortal = D55BE8C92D76F32B00CFA040 /* Project object */;
			proxyType = 1;
			remoteGlobalIDString = D55BE8D02D76F32B00CFA040;
			remoteInfo = ImageRow;
		};
/* End PBXContainerItemProxy section */

/* Begin PBXFileReference section */
		D55BE8D12D76F32B00CFA040 /* ImageRow.app */ = {isa = PBXFileReference; explicitFileType = wrapper.application; includeInIndex = 0; path = ImageRow.app; sourceTree = BUILT_PRODUCTS_DIR; };
		D55BE8E12D76F32E00CFA040 /* ImageRowTests.xctest */ = {isa = PBXFileReference; explicitFileType = wrapper.cfbundle; includeInIndex = 0; path = ImageRowTests.xctest; sourceTree = BUILT_PRODUCTS_DIR; };
		D55BE8EB2D76F32E00CFA040 /* ImageRowUITests.xctest */ = {isa = PBXFileReference; explicitFileType = wrapper.cfbundle; includeInIndex = 0; path = ImageRowUITests.xctest; sourceTree = BUILT_PRODUCTS_DIR; };
/* End PBXFileReference section */

/* Begin PBXFileSystemSynchronizedRootGroup section */
		D55BE8D32D76F32B00CFA040 /* ImageRow */ = {
			isa = PBXFileSystemSynchronizedRootGroup;
			path = ImageRow;
			sourceTree = "<group>";
		};
		D55BE8E42D76F32E00CFA040 /* ImageRowTests */ = {
			isa = PBXFileSystemSynchronizedRootGroup;
			path = ImageRowTests;
			sourceTree = "<group>";
		};
		D55BE8EE2D76F32E00CFA040 /* ImageRowUITests */ = {
			isa = PBXFileSystemSynchronizedRootGroup;
			path = ImageRowUITests;
			sourceTree = "<group>";
		};
/* End PBXFileSystemSynchronizedRootGroup section */

/* Begin PBXFrameworksBuildPhase section */
		D55BE8CE2D76F32B00CFA040 /* Frameworks */ = {
			isa = PBXFrameworksBuildPhase;
			buildActionMask = 2147483647;
			files = (
			);
			runOnlyForDeploymentPostprocessing = 0;
		};
		D55BE8DE2D76F32E00CFA040 /* Frameworks */ = {
			isa = PBXFrameworksBuildPhase;
			buildActionMask = 2147483647;
			files = (
			);
			runOnlyForDeploymentPostprocessing = 0;
		};
		D55BE8E82D76F32E00CFA040 /* Frameworks */ = {
			isa = PBXFrameworksBuildPhase;
			buildActionMask = 2147483647;
			files = (
			);
			runOnlyForDeploymentPostprocessing = 0;
		};
/* End PBXFrameworksBuildPhase section */

/* Begin PBXGroup section */
		D55BE8C82D76F32B00CFA040 = {
			isa = PBXGroup;
			children = (
				D55BE8D32D76F32B00CFA040 /* ImageRow */,
				D55BE8E42D76F32E00CFA040 /* ImageRowTests */,
				D55BE8EE2D76F32E00CFA040 /* ImageRowUITests */,
				D55BE8D22D76F32B00CFA040 /* Products */,
			);
			sourceTree = "<group>";
		};
		D55BE8D22D76F32B00CFA040 /* Products */ = {
			isa = PBXGroup;
			children = (
				D55BE8D12D76F32B00CFA040 /* ImageRow.app */,
				D55BE8E12D76F32E00CFA040 /* ImageRowTests.xctest */,
				D55BE8EB2D76F32E00CFA040 /* ImageRowUITests.xctest */,
			);
			name = Products;
			sourceTree = "<group>";
		};
/* End PBXGroup section */

/* Begin PBXNativeTarget section */
		D55BE8D02D76F32B00CFA040 /* ImageRow */ = {
			isa = PBXNativeTarget;
			buildConfigurationList = D55BE8F52D76F32E00CFA040 /* Build configuration list for PBXNativeTarget "ImageRow" */;
			buildPhases = (
				D55BE8CD2D76F32B00CFA040 /* Sources */,
				D55BE8CE2D76F32B00CFA040 /* Frameworks */,
				D55BE8CF2D76F32B00CFA040 /* Resources */,
			);
			buildRules = (
			);
			dependencies = (
			);
			fileSystemSynchronizedGroups = (
				D55BE8D32D76F32B00CFA040 /* ImageRow */,
			);
			name = ImageRow;
			packageProductDependencies = (
			);
			productName = ImageRow;
			productReference = D55BE8D12D76F32B00CFA040 /* ImageRow.app */;
			productType = "com.apple.product-type.application";
		};
		D55BE8E02D76F32E00CFA040 /* ImageRowTests */ = {
			isa = PBXNativeTarget;
			buildConfigurationList = D55BE8F82D76F32E00CFA040 /* Build configuration list for PBXNativeTarget "ImageRowTests" */;
			buildPhases = (
				D55BE8DD2D76F32E00CFA040 /* Sources */,
				D55BE8DE2D76F32E00CFA040 /* Frameworks */,
				D55BE8DF2D76F32E00CFA040 /* Resources */,
			);
			buildRules = (
			);
			dependencies = (
				D55BE8E32D76F32E00CFA040 /* PBXTargetDependency */,
			);
			fileSystemSynchronizedGroups = (
				D55BE8E42D76F32E00CFA040 /* ImageRowTests */,
			);
			name = ImageRowTests;
			packageProductDependencies = (
			);
			productName = ImageRowTests;
			productReference = D55BE8E12D76F32E00CFA040 /* ImageRowTests.xctest */;
			productType = "com.apple.product-type.bundle.unit-test";
		};
		D55BE8EA2D76F32E00CFA040 /* ImageRowUITests */ = {
			isa = PBXNativeTarget;
			buildConfigurationList = D55BE8FB2D76F32E00CFA040 /* Build configuration list for PBXNativeTarget "ImageRowUITests" */;
			buildPhases = (
				D55BE8E72D76F32E00CFA040 /* Sources */,
				D55BE8E82D76F32E00CFA040 /* Frameworks */,
				D55BE8E92D76F32E00CFA040 /* Resources */,
			);
			buildRules = (
			);
			dependencies = (
				D55BE8ED2D76F32E00CFA040 /* PBXTargetDependency */,
			);
			fileSystemSynchronizedGroups = (
				D55BE8EE2D76F32E00CFA040 /* ImageRowUITests */,
			);
			name = ImageRowUITests;
			packageProductDependencies = (
			);
			productName = ImageRowUITests;
			productReference = D55BE8EB2D76F32E00CFA040 /* ImageRowUITests.xctest */;
			productType = "com.apple.product-type.bundle.ui-testing";
		};
/* End PBXNativeTarget section */

/* Begin PBXProject section */
		D55BE8C92D76F32B00CFA040 /* Project object */ = {
			isa = PBXProject;
			attributes = {
				BuildIndependentTargetsInParallel = 1;
				LastSwiftUpdateCheck = 1620;
				LastUpgradeCheck = 1620;
				TargetAttributes = {
					D55BE8D02D76F32B00CFA040 = {
						CreatedOnToolsVersion = 16.2;
					};
					D55BE8E02D76F32E00CFA040 = {
						CreatedOnToolsVersion = 16.2;
						TestTargetID = D55BE8D02D76F32B00CFA040;
					};
					D55BE8EA2D76F32E00CFA040 = {
						CreatedOnToolsVersion = 16.2;
						TestTargetID = D55BE8D02D76F32B00CFA040;
					};
				};
			};
			buildConfigurationList = D55BE8CC2D76F32B00CFA040 /* Build configuration list for PBXProject "ImageRow" */;
			developmentRegion = en;
			hasScannedForEncodings = 0;
			knownRegions = (
				en,
				Base,
			);
			mainGroup = D55BE8C82D76F32B00CFA040;
			minimizedProjectReferenceProxies = 1;
			preferredProjectObjectVersion = 77;
			productRefGroup = D55BE8D22D76F32B00CFA040 /* Products */;
			projectDirPath = "";
			projectRoot = "";
			targets = (
				D55BE8D02D76F32B00CFA040 /* ImageRow */,
				D55BE8E02D76F32E00CFA040 /* ImageRowTests */,
				D55BE8EA2D76F32E00CFA040 /* ImageRowUITests */,
			);
		};
/* End PBXProject section */

/* Begin PBXResourcesBuildPhase section */
		D55BE8CF2D76F32B00CFA040 /* Resources */ = {
			isa = PBXResourcesBuildPhase;
			buildActionMask = 2147483647;
			files = (
			);
			runOnlyForDeploymentPostprocessing = 0;
		};
		D55BE8DF2D76F32E00CFA040 /* Resources */ = {
			isa = PBXResourcesBuildPhase;
			buildActionMask = 2147483647;
			files = (
			);
			runOnlyForDeploymentPostprocessing = 0;
		};
		D55BE8E92D76F32E00CFA040 /* Resources */ = {
			isa = PBXResourcesBuildPhase;
			buildActionMask = 2147483647;
			files = (
			);
			runOnlyForDeploymentPostprocessing = 0;
		};
/* End PBXResourcesBuildPhase section */

/* Begin PBXSourcesBuildPhase section */
		D55BE8CD2D76F32B00CFA040 /* Sources */ = {
			isa = PBXSourcesBuildPhase;
			buildActionMask = 2147483647;
			files = (
			);
			runOnlyForDeploymentPostprocessing = 0;
		};
		D55BE8DD2D76F32E00CFA040 /* Sources */ = {
			isa = PBXSourcesBuildPhase;
			buildActionMask = 2147483647;
			files = (
			);
			runOnlyForDeploymentPostprocessing = 0;
		};
		D55BE8E72D76F32E00CFA040 /* Sources */ = {
			isa = PBXSourcesBuildPhase;
			buildActionMask = 2147483647;
			files = (
			);
			runOnlyForDeploymentPostprocessing = 0;
		};
/* End PBXSourcesBuildPhase section */

/* Begin PBXTargetDependency section */
		D55BE8E32D76F32E00CFA040 /* PBXTargetDependency */ = {
			isa = PBXTargetDependency;
			target = D55BE8D02D76F32B00CFA040 /* ImageRow */;
			targetProxy = D55BE8E22D76F32E00CFA040 /* PBXContainerItemProxy */;
		};
		D55BE8ED2D76F32E00CFA040 /* PBXTargetDependency */ = {
			isa = PBXTargetDependency;
			target = D55BE8D02D76F32B00CFA040 /* ImageRow */;
			targetProxy = D55BE8EC2D76F32E00CFA040 /* PBXContainerItemProxy */;
		};
/* End PBXTargetDependency section */

/* Begin XCBuildConfiguration section */
		D55BE8F32D76F32E00CFA040 /* Debug */ = {
			isa = XCBuildConfiguration;
			buildSettings = {
				ALWAYS_SEARCH_USER_PATHS = NO;
				ASSETCATALOG_COMPILER_GENERATE_SWIFT_ASSET_SYMBOL_EXTENSIONS = YES;
				CLANG_ANALYZER_NONNULL = YES;
				CLANG_ANALYZER_NUMBER_OBJECT_CONVERSION = YES_AGGRESSIVE;
				CLANG_CXX_LANGUAGE_STANDARD = "gnu++20";
				CLANG_ENABLE_MODULES = YES;
				CLANG_ENABLE_OBJC_ARC = YES;
				CLANG_ENABLE_OBJC_WEAK = YES;
				CLANG_WARN_BLOCK_CAPTURE_AUTORELEASING = YES;
				CLANG_WARN_BOOL_CONVERSION = YES;
				CLANG_WARN_COMMA = YES;
				CLANG_WARN_CONSTANT_CONVERSION = YES;
				CLANG_WARN_DEPRECATED_OBJC_IMPLEMENTATIONS = YES;
				CLANG_WARN_DIRECT_OBJC_ISA_USAGE = YES_ERROR;
				CLANG_WARN_DOCUMENTATION_COMMENTS = YES;
				CLANG_WARN_EMPTY_BODY = YES;
				CLANG_WARN_ENUM_CONVERSION = YES;
				CLANG_WARN_INFINITE_RECURSION = YES;
				CLANG_WARN_INT_CONVERSION = YES;
				CLANG_WARN_NON_LITERAL_NULL_CONVERSION = YES;
				CLANG_WARN_OBJC_IMPLICIT_RETAIN_SELF = YES;
				CLANG_WARN_OBJC_LITERAL_CONVERSION = YES;
				CLANG_WARN_OBJC_ROOT_CLASS = YES_ERROR;
				CLANG_WARN_QUOTED_INCLUDE_IN_FRAMEWORK_HEADER = YES;
				CLANG_WARN_RANGE_LOOP_ANALYSIS = YES;
				CLANG_WARN_STRICT_PROTOTYPES = YES;
				CLANG_WARN_SUSPICIOUS_MOVE = YES;
				CLANG_WARN_UNGUARDED_AVAILABILITY = YES_AGGRESSIVE;
				CLANG_WARN_UNREACHABLE_CODE = YES;
				CLANG_WARN__DUPLICATE_METHOD_MATCH = YES;
				COPY_PHASE_STRIP = NO;
				DEBUG_INFORMATION_FORMAT = dwarf;
				ENABLE_STRICT_OBJC_MSGSEND = YES;
				ENABLE_TESTABILITY = YES;
				ENABLE_USER_SCRIPT_SANDBOXING = YES;
				GCC_C_LANGUAGE_STANDARD = gnu17;
				GCC_DYNAMIC_NO_PIC = NO;
				GCC_NO_COMMON_BLOCKS = YES;
				GCC_OPTIMIZATION_LEVEL = 0;
				GCC_PREPROCESSOR_DEFINITIONS = (
					"DEBUG=1",
					"$(inherited)",
				);
				GCC_WARN_64_TO_32_BIT_CONVERSION = YES;
				GCC_WARN_ABOUT_RETURN_TYPE = YES_ERROR;
				GCC_WARN_UNDECLARED_SELECTOR = YES;
				GCC_WARN_UNINITIALIZED_AUTOS = YES_AGGRESSIVE;
				GCC_WARN_UNUSED_FUNCTION = YES;
				GCC_WARN_UNUSED_VARIABLE = YES;
				IPHONEOS_DEPLOYMENT_TARGET = 18.2;
				LOCALIZATION_PREFERS_STRING_CATALOGS = YES;
				MTL_ENABLE_DEBUG_INFO = INCLUDE_SOURCE;
				MTL_FAST_MATH = YES;
				ONLY_ACTIVE_ARCH = YES;
				SDKROOT = iphoneos;
				SWIFT_ACTIVE_COMPILATION_CONDITIONS = "DEBUG $(inherited)";
				SWIFT_OPTIMIZATION_LEVEL = "-Onone";
			};
			name = Debug;
		};
		D55BE8F42D76F32E00CFA040 /* Release */ = {
			isa = XCBuildConfiguration;
			buildSettings = {
				ALWAYS_SEARCH_USER_PATHS = NO;
				ASSETCATALOG_COMPILER_GENERATE_SWIFT_ASSET_SYMBOL_EXTENSIONS = YES;
				CLANG_ANALYZER_NONNULL = YES;
				CLANG_ANALYZER_NUMBER_OBJECT_CONVERSION = YES_AGGRESSIVE;
				CLANG_CXX_LANGUAGE_STANDARD = "gnu++20";
				CLANG_ENABLE_MODULES = YES;
				CLANG_ENABLE_OBJC_ARC = YES;
				CLANG_ENABLE_OBJC_WEAK = YES;
				CLANG_WARN_BLOCK_CAPTURE_AUTORELEASING = YES;
				CLANG_WARN_BOOL_CONVERSION = YES;
				CLANG_WARN_COMMA = YES;
				CLANG_WARN_CONSTANT_CONVERSION = YES;
				CLANG_WARN_DEPRECATED_OBJC_IMPLEMENTATIONS = YES;
				CLANG_WARN_DIRECT_OBJC_ISA_USAGE = YES_ERROR;
				CLANG_WARN_DOCUMENTATION_COMMENTS = YES;
				CLANG_WARN_EMPTY_BODY = YES;
				CLANG_WARN_ENUM_CONVERSION = YES;
				CLANG_WARN_INFINITE_RECURSION = YES;
				CLANG_WARN_INT_CONVERSION = YES;
				CLANG_WARN_NON_LITERAL_NULL_CONVERSION = YES;
				CLANG_WARN_OBJC_IMPLICIT_RETAIN_SELF = YES;
				CLANG_WARN_OBJC_LITERAL_CONVERSION = YES;
				CLANG_WARN_OBJC_ROOT_CLASS = YES_ERROR;
				CLANG_WARN_QUOTED_INCLUDE_IN_FRAMEWORK_HEADER = YES;
				CLANG_WARN_RANGE_LOOP_ANALYSIS = YES;
				CLANG_WARN_STRICT_PROTOTYPES = YES;
				CLANG_WARN_SUSPICIOUS_MOVE = YES;
				CLANG_WARN_UNGUARDED_AVAILABILITY = YES_AGGRESSIVE;
				CLANG_WARN_UNREACHABLE_CODE = YES;
				CLANG_WARN__DUPLICATE_METHOD_MATCH = YES;
				COPY_PHASE_STRIP = NO;
				DEBUG_INFORMATION_FORMAT = "dwarf-with-dsym";
				ENABLE_NS_ASSERTIONS = NO;
				ENABLE_STRICT_OBJC_MSGSEND = YES;
				ENABLE_USER_SCRIPT_SANDBOXING = YES;
				GCC_C_LANGUAGE_STANDARD = gnu17;
				GCC_NO_COMMON_BLOCKS = YES;
				GCC_WARN_64_TO_32_BIT_CONVERSION = YES;
				GCC_WARN_ABOUT_RETURN_TYPE = YES_ERROR;
				GCC_WARN_UNDECLARED_SELECTOR = YES;
				GCC_WARN_UNINITIALIZED_AUTOS = YES_AGGRESSIVE;
				GCC_WARN_UNUSED_FUNCTION = YES;
				GCC_WARN_UNUSED_VARIABLE = YES;
				IPHONEOS_DEPLOYMENT_TARGET = 18.2;
				LOCALIZATION_PREFERS_STRING_CATALOGS = YES;
				MTL_ENABLE_DEBUG_INFO = NO;
				MTL_FAST_MATH = YES;
				SDKROOT = iphoneos;
				SWIFT_COMPILATION_MODE = wholemodule;
				VALIDATE_PRODUCT = YES;
			};
			name = Release;
		};
		D55BE8F62D76F32E00CFA040 /* Debug */ = {
			isa = XCBuildConfiguration;
			buildSettings = {
				ASSETCATALOG_COMPILER_APPICON_NAME = AppIcon;
				ASSETCATALOG_COMPILER_GLOBAL_ACCENT_COLOR_NAME = AccentColor;
				CODE_SIGN_STYLE = Automatic;
				CURRENT_PROJECT_VERSION = 1;
				DEVELOPMENT_ASSET_PATHS = "\"ImageRow/Preview Content\"";
				DEVELOPMENT_TEAM = 267H9A8VTM;
				ENABLE_PREVIEWS = YES;
				GENERATE_INFOPLIST_FILE = YES;
				INFOPLIST_KEY_UIApplicationSceneManifest_Generation = YES;
				INFOPLIST_KEY_UIApplicationSupportsIndirectInputEvents = YES;
				INFOPLIST_KEY_UILaunchScreen_Generation = YES;
				INFOPLIST_KEY_UISupportedInterfaceOrientations_iPad = "UIInterfaceOrientationPortrait UIInterfaceOrientationPortraitUpsideDown UIInterfaceOrientationLandscapeLeft UIInterfaceOrientationLandscapeRight";
				INFOPLIST_KEY_UISupportedInterfaceOrientations_iPhone = "UIInterfaceOrientationPortrait UIInterfaceOrientationLandscapeLeft UIInterfaceOrientationLandscapeRight";
				LD_RUNPATH_SEARCH_PATHS = (
					"$(inherited)",
					"@executable_path/Frameworks",
				);
				MARKETING_VERSION = 1.0;
				PRODUCT_BUNDLE_IDENTIFIER = com.OllyWatson.ImageRow;
				PRODUCT_NAME = "$(TARGET_NAME)";
				SWIFT_EMIT_LOC_STRINGS = YES;
				SWIFT_VERSION = 5.0;
				TARGETED_DEVICE_FAMILY = "1,2";
			};
			name = Debug;
		};
		D55BE8F72D76F32E00CFA040 /* Release */ = {
			isa = XCBuildConfiguration;
			buildSettings = {
				ASSETCATALOG_COMPILER_APPICON_NAME = AppIcon;
				ASSETCATALOG_COMPILER_GLOBAL_ACCENT_COLOR_NAME = AccentColor;
				CODE_SIGN_STYLE = Automatic;
				CURRENT_PROJECT_VERSION = 1;
				DEVELOPMENT_ASSET_PATHS = "\"ImageRow/Preview Content\"";
				DEVELOPMENT_TEAM = 267H9A8VTM;
				ENABLE_PREVIEWS = YES;
				GENERATE_INFOPLIST_FILE = YES;
				INFOPLIST_KEY_UIApplicationSceneManifest_Generation = YES;
				INFOPLIST_KEY_UIApplicationSupportsIndirectInputEvents = YES;
				INFOPLIST_KEY_UILaunchScreen_Generation = YES;
				INFOPLIST_KEY_UISupportedInterfaceOrientations_iPad = "UIInterfaceOrientationPortrait UIInterfaceOrientationPortraitUpsideDown UIInterfaceOrientationLandscapeLeft UIInterfaceOrientationLandscapeRight";
				INFOPLIST_KEY_UISupportedInterfaceOrientations_iPhone = "UIInterfaceOrientationPortrait UIInterfaceOrientationLandscapeLeft UIInterfaceOrientationLandscapeRight";
				LD_RUNPATH_SEARCH_PATHS = (
					"$(inherited)",
					"@executable_path/Frameworks",
				);
				MARKETING_VERSION = 1.0;
				PRODUCT_BUNDLE_IDENTIFIER = com.OllyWatson.ImageRow;
				PRODUCT_NAME = "$(TARGET_NAME)";
				SWIFT_EMIT_LOC_STRINGS = YES;
				SWIFT_VERSION = 5.0;
				TARGETED_DEVICE_FAMILY = "1,2";
			};
			name = Release;
		};
		D55BE8F92D76F32E00CFA040 /* Debug */ = {
			isa = XCBuildConfiguration;
			buildSettings = {
				BUNDLE_LOADER = "$(TEST_HOST)";
				CODE_SIGN_STYLE = Automatic;
				CURRENT_PROJECT_VERSION = 1;
				DEVELOPMENT_TEAM = 267H9A8VTM;
				GENERATE_INFOPLIST_FILE = YES;
				IPHONEOS_DEPLOYMENT_TARGET = 18.2;
				MARKETING_VERSION = 1.0;
				PRODUCT_BUNDLE_IDENTIFIER = com.OllyWatson.ImageRowTests;
				PRODUCT_NAME = "$(TARGET_NAME)";
				SWIFT_EMIT_LOC_STRINGS = NO;
				SWIFT_VERSION = 5.0;
				TARGETED_DEVICE_FAMILY = "1,2";
				TEST_HOST = "$(BUILT_PRODUCTS_DIR)/ImageRow.app/$(BUNDLE_EXECUTABLE_FOLDER_PATH)/ImageRow";
			};
			name = Debug;
		};
		D55BE8FA2D76F32E00CFA040 /* Release */ = {
			isa = XCBuildConfiguration;
			buildSettings = {
				BUNDLE_LOADER = "$(TEST_HOST)";
				CODE_SIGN_STYLE = Automatic;
				CURRENT_PROJECT_VERSION = 1;
				DEVELOPMENT_TEAM = 267H9A8VTM;
				GENERATE_INFOPLIST_FILE = YES;
				IPHONEOS_DEPLOYMENT_TARGET = 18.2;
				MARKETING_VERSION = 1.0;
				PRODUCT_BUNDLE_IDENTIFIER = com.OllyWatson.ImageRowTests;
				PRODUCT_NAME = "$(TARGET_NAME)";
				SWIFT_EMIT_LOC_STRINGS = NO;
				SWIFT_VERSION = 5.0;
				TARGETED_DEVICE_FAMILY = "1,2";
				TEST_HOST = "$(BUILT_PRODUCTS_DIR)/ImageRow.app/$(BUNDLE_EXECUTABLE_FOLDER_PATH)/ImageRow";
			};
			name = Release;
		};
		D55BE8FC2D76F32E00CFA040 /* Debug */ = {
			isa = XCBuildConfiguration;
			buildSettings = {
				CODE_SIGN_STYLE = Automatic;
				CURRENT_PROJECT_VERSION = 1;
				DEVELOPMENT_TEAM = 267H9A8VTM;
				GENERATE_INFOPLIST_FILE = YES;
				MARKETING_VERSION = 1.0;
				PRODUCT_BUNDLE_IDENTIFIER = com.OllyWatson.ImageRowUITests;
				PRODUCT_NAME = "$(TARGET_NAME)";
				SWIFT_EMIT_LOC_STRINGS = NO;
				SWIFT_VERSION = 5.0;
				TARGETED_DEVICE_FAMILY = "1,2";
				TEST_TARGET_NAME = ImageRow;
			};
			name = Debug;
		};
		D55BE8FD2D76F32E00CFA040 /* Release */ = {
			isa = XCBuildConfiguration;
			buildSettings = {
				CODE_SIGN_STYLE = Automatic;
				CURRENT_PROJECT_VERSION = 1;
				DEVELOPMENT_TEAM = 267H9A8VTM;
				GENERATE_INFOPLIST_FILE = YES;
				MARKETING_VERSION = 1.0;
				PRODUCT_BUNDLE_IDENTIFIER = com.OllyWatson.ImageRowUITests;
				PRODUCT_NAME = "$(TARGET_NAME)";
				SWIFT_EMIT_LOC_STRINGS = NO;
				SWIFT_VERSION = 5.0;
				TARGETED_DEVICE_FAMILY = "1,2";
				TEST_TARGET_NAME = ImageRow;
			};
			name = Release;
		};
/* End XCBuildConfiguration section */

/* Begin XCConfigurationList section */
		D55BE8CC2D76F32B00CFA040 /* Build configuration list for PBXProject "ImageRow" */ = {
			isa = XCConfigurationList;
			buildConfigurations = (
				D55BE8F32D76F32E00CFA040 /* Debug */,
				D55BE8F42D76F32E00CFA040 /* Release */,
			);
			defaultConfigurationIsVisible = 0;
			defaultConfigurationName = Release;
		};
		D55BE8F52D76F32E00CFA040 /* Build configuration list for PBXNativeTarget "ImageRow" */ = {
			isa = XCConfigurationList;
			buildConfigurations = (
				D55BE8F62D76F32E00CFA040 /* Debug */,
				D55BE8F72D76F32E00CFA040 /* Release */,
			);
			defaultConfigurationIsVisible = 0;
			defaultConfigurationName = Release;
		};
		D55BE8F82D76F32E00CFA040 /* Build configuration list for PBXNativeTarget "ImageRowTests" */ = {
			isa = XCConfigurationList;
			buildConfigurations = (
				D55BE8F92D76F32E00CFA040 /* Debug */,
				D55BE8FA2D76F32E00CFA040 /* Release */,
			);
			defaultConfigurationIsVisible = 0;
			defaultConfigurationName = Release;
		};
		D55BE8FB2D76F32E00CFA040 /* Build configuration list for PBXNativeTarget "ImageRowUITests" */ = {
			isa = XCConfigurationList;
			buildConfigurations = (
				D55BE8FC2D76F32E00CFA040 /* Debug */,
				D55BE8FD2D76F32E00CFA040 /* Release */,
			);
			defaultConfigurationIsVisible = 0;
			defaultConfigurationName = Release;
		};
/* End XCConfigurationList section */
	};
	rootObject = D55BE8C92D76F32B00CFA040 /* Project object */;
}
